
Microsoft Visual Studio Solution File, Format Version 12.00
# Visual Studio 14
VisualStudioVersion = 14.0.25420.1
MinimumVisualStudioVersion = 10.0.40219.1
Project("{FAE04EC0-301F-11D3-BF4B-00C04F79EFBC}") = "BookStore", "BookStore\BookStore.csproj", "{8E733C59-B233-4549-A595-2ADC7B397443}"
EndProject
Project("{FAE04EC0-301F-11D3-BF4B-00C04F79EFBC}") = "UserIdentity", "UserIdentity\UserIdentity.csproj", "{3B901005-9FF0-43CC-94E0-298402386367}"
EndProject
Global
	GlobalSection(SolutionConfigurationPlatforms) = preSolution
		Debug|Any CPU = Debug|Any CPU
		Release|Any CPU = Release|Any CPU
	EndGlobalSection
	GlobalSection(ProjectConfigurationPlatforms) = postSolution
		{8E733C59-B233-4549-A595-2ADC7B397443}.Debug|Any CPU.ActiveCfg = Debug|Any CPU
		{8E733C59-B233-4549-A595-2ADC7B397443}.Debug|Any CPU.Build.0 = Debug|Any CPU
		{8E733C59-B233-4549-A595-2ADC7B397443}.Release|Any CPU.ActiveCfg = Release|Any CPU
		{8E733C59-B233-4549-A595-2ADC7B397443}.Release|Any CPU.Build.0 = Release|Any CPU
		{3B901005-9FF0-43CC-94E0-298402386367}.Debug|Any CPU.ActiveCfg = Debug|Any CPU
		{3B901005-9FF0-43CC-94E0-298402386367}.Debug|Any CPU.Build.0 = Debug|Any CPU
		{3B901005-9FF0-43CC-94E0-298402386367}.Release|Any CPU.ActiveCfg = Release|Any CPU
		{3B901005-9FF0-43CC-94E0-298402386367}.Release|Any CPU.Build.0 = Release|Any CPU
	EndGlobalSection
	GlobalSection(SolutionProperties) = preSolution
		HideSolutionNode = FALSE
	EndGlobalSection
EndGlobal
